github.com/goal-web/contracts v0.0.0-20220120093117-be8f72613bff h1:icWPUCgywE8+1zYemJ3t5mVHQBDVVprhVdhaULkrx9E=
github.com/goal-web/contracts v0.0.0-20220120093117-be8f72613bff/go.mod h1:lKHynU2Kgk6xyxL4afOJM4TO1kSa3RrCJ2bm5RtFMBw=
github.com/goal-web/supports v0.0.0-20220120132758-562ab8d40f95 h1:kkljiKGsTwtK4GMIhJMG7TNwNurZbM7pGJaZl5urhlc=
github.com/goal-web/supports v0.0.0-20220120132758-562ab8d40f95/go.mod h1:1j9twyYirL4DKJAPAzN4FGRh3r+Az8Tl/3Dw2BOSGak=
